// !$*UTF8*$!
{
	archiveVersion = 1;
	classes = {
	};
	objectVersion = 56;
	objects = {

/* Begin PBXBuildFile section */
		8A3D0F2B2C564E1E0006138F /* ProductsViewModel.swift in Sources */ = {isa = PBXBuildFile; fileRef = 8A3D0F2A2C564E1E0006138F /* ProductsViewModel.swift */; };
		8A3D0F2F2C5654150006138F /* ProductDetailView.swift in Sources */ = {isa = PBXBuildFile; fileRef = 8A3D0F2E2C5654150006138F /* ProductDetailView.swift */; };
		8A3DFC702C48EB210097D39D /* Perfect_FitApp.swift in Sources */ = {isa = PBXBuildFile; fileRef = 8A3DFC6F2C48EB210097D39D /* Perfect_FitApp.swift */; };
		8A3DFC722C48EB210097D39D /* ContentView.swift in Sources */ = {isa = PBXBuildFile; fileRef = 8A3DFC712C48EB210097D39D /* ContentView.swift */; };
		8A3DFC742C48EB230097D39D /* Assets.xcassets in Resources */ = {isa = PBXBuildFile; fileRef = 8A3DFC732C48EB230097D39D /* Assets.xcassets */; };
		8A3DFC782C48EB230097D39D /* Preview Assets.xcassets in Resources */ = {isa = PBXBuildFile; fileRef = 8A3DFC772C48EB230097D39D /* Preview Assets.xcassets */; };
		8A93C4602C58C24600CF6597 /* AddProductView.swift in Sources */ = {isa = PBXBuildFile; fileRef = 8A93C45F2C58C24600CF6597 /* AddProductView.swift */; };
		8A93C4622C5A34C300CF6597 /* EditProcuctView.swift in Sources */ = {isa = PBXBuildFile; fileRef = 8A93C4612C5A34C300CF6597 /* EditProcuctView.swift */; };
		8A93C4642C5A369700CF6597 /* ImagePicker.swift in Sources */ = {isa = PBXBuildFile; fileRef = 8A93C4632C5A369700CF6597 /* ImagePicker.swift */; };
		8AD07EEA2C69BD0B00CE5736 /* FileManager+Extensions.swift in Sources */ = {isa = PBXBuildFile; fileRef = 8AD07EE92C69BD0B00CE5736 /* FileManager+Extensions.swift */; };
/* End PBXBuildFile section */

/* Begin PBXFileReference section */
		8A3D0F2A2C564E1E0006138F /* ProductsViewModel.swift */ = {isa = PBXFileReference; lastKnownFileType = sourcecode.swift; path = ProductsViewModel.swift; sourceTree = "<group>"; };
		8A3D0F2E2C5654150006138F /* ProductDetailView.swift */ = {isa = PBXFileReference; lastKnownFileType = sourcecode.swift; path = ProductDetailView.swift; sourceTree = "<group>"; };
		8A3DFC6C2C48EB210097D39D /* Perfect Fit.app */ = {isa = PBXFileReference; explicitFileType = wrapper.application; includeInIndex = 0; path = "Perfect Fit.app"; sourceTree = BUILT_PRODUCTS_DIR; };
		8A3DFC6F2C48EB210097D39D /* Perfect_FitApp.swift */ = {isa = PBXFileReference; lastKnownFileType = sourcecode.swift; path = Perfect_FitApp.swift; sourceTree = "<group>"; };
		8A3DFC712C48EB210097D39D /* ContentView.swift */ = {isa = PBXFileReference; lastKnownFileType = sourcecode.swift; path = ContentView.swift; sourceTree = "<group>"; };
		8A3DFC732C48EB230097D39D /* Assets.xcassets */ = {isa = PBXFileReference; lastKnownFileType = folder.assetcatalog; path = Assets.xcassets; sourceTree = "<group>"; };
		8A3DFC752C48EB230097D39D /* Perfect_Fit.entitlements */ = {isa = PBXFileReference; lastKnownFileType = text.plist.entitlements; path = Perfect_Fit.entitlements; sourceTree = "<group>"; };
		8A3DFC772C48EB230097D39D /* Preview Assets.xcassets */ = {isa = PBXFileReference; lastKnownFileType = folder.assetcatalog; path = "Preview Assets.xcassets"; sourceTree = "<group>"; };
		8A93C45F2C58C24600CF6597 /* AddProductView.swift */ = {isa = PBXFileReference; lastKnownFileType = sourcecode.swift; path = AddProductView.swift; sourceTree = "<group>"; };
		8A93C4612C5A34C300CF6597 /* EditProcuctView.swift */ = {isa = PBXFileReference; lastKnownFileType = sourcecode.swift; path = EditProcuctView.swift; sourceTree = "<group>"; };
		8A93C4632C5A369700CF6597 /* ImagePicker.swift */ = {isa = PBXFileReference; lastKnownFileType = sourcecode.swift; path = ImagePicker.swift; sourceTree = "<group>"; };
		8AD07EE92C69BD0B00CE5736 /* FileManager+Extensions.swift */ = {isa = PBXFileReference; lastKnownFileType = sourcecode.swift; path = "FileManager+Extensions.swift"; sourceTree = "<group>"; };
		8AD07EEB2C69C14200CE5736 /* Perfect-Fit-Info.plist */ = {isa = PBXFileReference; lastKnownFileType = text.plist; path = "Perfect-Fit-Info.plist"; sourceTree = SOURCE_ROOT; };
/* End PBXFileReference section */

/* Begin PBXFrameworksBuildPhase section */
		8A3DFC692C48EB210097D39D /* Frameworks */ = {
			isa = PBXFrameworksBuildPhase;
			buildActionMask = 2147483647;
			files = (
			);
			runOnlyForDeploymentPostprocessing = 0;
		};
/* End PBXFrameworksBuildPhase section */

/* Begin PBXGroup section */
		8A3DFC632C48EB210097D39D = {
			isa = PBXGroup;
			children = (
				8A3DFC6E2C48EB210097D39D /* Perfect Fit */,
				8A3DFC6D2C48EB210097D39D /* Products */,
			);
			sourceTree = "<group>";
		};
		8A3DFC6D2C48EB210097D39D /* Products */ = {
			isa = PBXGroup;
			children = (
				8A3DFC6C2C48EB210097D39D /* Perfect Fit.app */,
			);
			name = Products;
			sourceTree = "<group>";
		};
		8A3DFC6E2C48EB210097D39D /* Perfect Fit */ = {
			isa = PBXGroup;
			children = (
				8AD07EEB2C69C14200CE5736 /* Perfect-Fit-Info.plist */,
				8AD07EE82C69BCD600CE5736 /* Utilities */,
				8A3DFC6F2C48EB210097D39D /* Perfect_FitApp.swift */,
				8A3DFC712C48EB210097D39D /* ContentView.swift */,
				8A3DFC732C48EB230097D39D /* Assets.xcassets */,
				8A3DFC752C48EB230097D39D /* Perfect_Fit.entitlements */,
				8A3DFC762C48EB230097D39D /* Preview Content */,
				8A3D0F2A2C564E1E0006138F /* ProductsViewModel.swift */,
				8A3D0F2E2C5654150006138F /* ProductDetailView.swift */,
				8A93C45F2C58C24600CF6597 /* AddProductView.swift */,
				8A93C4612C5A34C300CF6597 /* EditProcuctView.swift */,
				8A93C4632C5A369700CF6597 /* ImagePicker.swift */,
			);
			path = "Perfect Fit";
			sourceTree = "<group>";
		};
		8A3DFC762C48EB230097D39D /* Preview Content */ = {
			isa = PBXGroup;
			children = (
				8A3DFC772C48EB230097D39D /* Preview Assets.xcassets */,
			);
			path = "Preview Content";
			sourceTree = "<group>";
		};
		8AD07EE82C69BCD600CE5736 /* Utilities */ = {
			isa = PBXGroup;
			children = (
				8AD07EE92C69BD0B00CE5736 /* FileManager+Extensions.swift */,
			);
			name = Utilities;
			sourceTree = "<group>";
		};
/* End PBXGroup section */

/* Begin PBXNativeTarget section */
		8A3DFC6B2C48EB210097D39D /* Perfect Fit */ = {
			isa = PBXNativeTarget;
			buildConfigurationList = 8A3DFC7B2C48EB230097D39D /* Build configuration list for PBXNativeTarget "Perfect Fit" */;
			buildPhases = (
				8A3DFC682C48EB210097D39D /* Sources */,
				8A3DFC692C48EB210097D39D /* Frameworks */,
				8A3DFC6A2C48EB210097D39D /* Resources */,
			);
			buildRules = (
			);
			dependencies = (
			);
			name = "Perfect Fit";
			productName = "Perfect Fit";
			productReference = 8A3DFC6C2C48EB210097D39D /* Perfect Fit.app */;
			productType = "com.apple.product-type.application";
		};
/* End PBXNativeTarget section */

/* Begin PBXProject section */
		8A3DFC642C48EB210097D39D /* Project object */ = {
			isa = PBXProject;
			attributes = {
				BuildIndependentTargetsInParallel = 1;
				LastSwiftUpdateCheck = 1540;
				LastUpgradeCheck = 1540;
				TargetAttributes = {
					8A3DFC6B2C48EB210097D39D = {
						CreatedOnToolsVersion = 15.4;
					};
				};
			};
			buildConfigurationList = 8A3DFC672C48EB210097D39D /* Build configuration list for PBXProject "Perfect Fit" */;
			compatibilityVersion = "Xcode 14.0";
			developmentRegion = en;
			hasScannedForEncodings = 0;
			knownRegions = (
				en,
				Base,
			);
			mainGroup = 8A3DFC632C48EB210097D39D;
			productRefGroup = 8A3DFC6D2C48EB210097D39D /* Products */;
			projectDirPath = "";
			projectRoot = "";
			targets = (
				8A3DFC6B2C48EB210097D39D /* Perfect Fit */,
			);
		};
/* End PBXProject section */

/* Begin PBXResourcesBuildPhase section */
		8A3DFC6A2C48EB210097D39D /* Resources */ = {
			isa = PBXResourcesBuildPhase;
			buildActionMask = 2147483647;
			files = (
				8A3DFC782C48EB230097D39D /* Preview Assets.xcassets in Resources */,
				8A3DFC742C48EB230097D39D /* Assets.xcassets in Resources */,
			);
			runOnlyForDeploymentPostprocessing = 0;
		};
/* End PBXResourcesBuildPhase section */

/* Begin PBXSourcesBuildPhase section */
		8A3DFC682C48EB210097D39D /* Sources */ = {
			isa = PBXSourcesBuildPhase;
			buildActionMask = 2147483647;
			files = (
				8A3D0F2B2C564E1E0006138F /* ProductsViewModel.swift in Sources */,
				8A93C4622C5A34C300CF6597 /* EditProcuctView.swift in Sources */,
				8A3D0F2F2C5654150006138F /* ProductDetailView.swift in Sources */,
				8A93C4642C5A369700CF6597 /* ImagePicker.swift in Sources */,
				8A3DFC722C48EB210097D39D /* ContentView.swift in Sources */,
				8AD07EEA2C69BD0B00CE5736 /* FileManager+Extensions.swift in Sources */,
				8A3DFC702C48EB210097D39D /* Perfect_FitApp.swift in Sources */,
				8A93C4602C58C24600CF6597 /* AddProductView.swift in Sources */,
			);
			runOnlyForDeploymentPostprocessing = 0;
		};
/* End PBXSourcesBuildPhase section */

/* Begin XCBuildConfiguration section */
		8A3DFC792C48EB230097D39D /* Debug */ = {
			isa = XCBuildConfiguration;
			buildSettings = {
				ALWAYS_SEARCH_USER_PATHS = NO;
				ASSETCATALOG_COMPILER_GENERATE_SWIFT_ASSET_SYMBOL_EXTENSIONS = YES;
				CLANG_ANALYZER_NONNULL = YES;
				CLANG_ANALYZER_NUMBER_OBJECT_CONVERSION = YES_AGGRESSIVE;
				CLANG_CXX_LANGUAGE_STANDARD = "gnu++20";
				CLANG_ENABLE_MODULES = YES;
				CLANG_ENABLE_OBJC_ARC = YES;
				CLANG_ENABLE_OBJC_WEAK = YES;
				CLANG_WARN_BLOCK_CAPTURE_AUTORELEASING = YES;
				CLANG_WARN_BOOL_CONVERSION = YES;
				CLANG_WARN_COMMA = YES;
				CLANG_WARN_CONSTANT_CONVERSION = YES;
				CLANG_WARN_DEPRECATED_OBJC_IMPLEMENTATIONS = YES;
				CLANG_WARN_DIRECT_OBJC_ISA_USAGE = YES_ERROR;
				CLANG_WARN_DOCUMENTATION_COMMENTS = YES;
				CLANG_WARN_EMPTY_BODY = YES;
				CLANG_WARN_ENUM_CONVERSION = YES;
				CLANG_WARN_INFINITE_RECURSION = YES;
				CLANG_WARN_INT_CONVERSION = YES;
				CLANG_WARN_NON_LITERAL_NULL_CONVERSION = YES;
				CLANG_WARN_OBJC_IMPLICIT_RETAIN_SELF = YES;
				CLANG_WARN_OBJC_LITERAL_CONVERSION = YES;
				CLANG_WARN_OBJC_ROOT_CLASS = YES_ERROR;
				CLANG_WARN_QUOTED_INCLUDE_IN_FRAMEWORK_HEADER = YES;
				CLANG_WARN_RANGE_LOOP_ANALYSIS = YES;
				CLANG_WARN_STRICT_PROTOTYPES = YES;
				CLANG_WARN_SUSPICIOUS_MOVE = YES;
				CLANG_WARN_UNGUARDED_AVAILABILITY = YES_AGGRESSIVE;
				CLANG_WARN_UNREACHABLE_CODE = YES;
				CLANG_WARN__DUPLICATE_METHOD_MATCH = YES;
				COPY_PHASE_STRIP = NO;
				DEBUG_INFORMATION_FORMAT = dwarf;
				ENABLE_STRICT_OBJC_MSGSEND = YES;
				ENABLE_TESTABILITY = YES;
				ENABLE_USER_SCRIPT_SANDBOXING = YES;
				GCC_C_LANGUAGE_STANDARD = gnu17;
				GCC_DYNAMIC_NO_PIC = NO;
				GCC_NO_COMMON_BLOCKS = YES;
				GCC_OPTIMIZATION_LEVEL = 0;
				GCC_PREPROCESSOR_DEFINITIONS = (
					"DEBUG=1",
					"$(inherited)",
				);
				GCC_WARN_64_TO_32_BIT_CONVERSION = YES;
				GCC_WARN_ABOUT_RETURN_TYPE = YES_ERROR;
				GCC_WARN_UNDECLARED_SELECTOR = YES;
				GCC_WARN_UNINITIALIZED_AUTOS = YES_AGGRESSIVE;
				GCC_WARN_UNUSED_FUNCTION = YES;
				GCC_WARN_UNUSED_VARIABLE = YES;
				LOCALIZATION_PREFERS_STRING_CATALOGS = YES;
				MTL_ENABLE_DEBUG_INFO = INCLUDE_SOURCE;
				MTL_FAST_MATH = YES;
				ONLY_ACTIVE_ARCH = YES;
				SWIFT_ACTIVE_COMPILATION_CONDITIONS = "DEBUG $(inherited)";
				SWIFT_OPTIMIZATION_LEVEL = "-Onone";
			};
			name = Debug;
		};
		8A3DFC7A2C48EB230097D39D /* Release */ = {
			isa = XCBuildConfiguration;
			buildSettings = {
				ALWAYS_SEARCH_USER_PATHS = NO;
				ASSETCATALOG_COMPILER_GENERATE_SWIFT_ASSET_SYMBOL_EXTENSIONS = YES;
				CLANG_ANALYZER_NONNULL = YES;
				CLANG_ANALYZER_NUMBER_OBJECT_CONVERSION = YES_AGGRESSIVE;
				CLANG_CXX_LANGUAGE_STANDARD = "gnu++20";
				CLANG_ENABLE_MODULES = YES;
				CLANG_ENABLE_OBJC_ARC = YES;
				CLANG_ENABLE_OBJC_WEAK = YES;
				CLANG_WARN_BLOCK_CAPTURE_AUTORELEASING = YES;
				CLANG_WARN_BOOL_CONVERSION = YES;
				CLANG_WARN_COMMA = YES;
				CLANG_WARN_CONSTANT_CONVERSION = YES;
				CLANG_WARN_DEPRECATED_OBJC_IMPLEMENTATIONS = YES;
				CLANG_WARN_DIRECT_OBJC_ISA_USAGE = YES_ERROR;
				CLANG_WARN_DOCUMENTATION_COMMENTS = YES;
				CLANG_WARN_EMPTY_BODY = YES;
				CLANG_WARN_ENUM_CONVERSION = YES;
				CLANG_WARN_INFINITE_RECURSION = YES;
				CLANG_WARN_INT_CONVERSION = YES;
				CLANG_WARN_NON_LITERAL_NULL_CONVERSION = YES;
				CLANG_WARN_OBJC_IMPLICIT_RETAIN_SELF = YES;
				CLANG_WARN_OBJC_LITERAL_CONVERSION = YES;
				CLANG_WARN_OBJC_ROOT_CLASS = YES_ERROR;
				CLANG_WARN_QUOTED_INCLUDE_IN_FRAMEWORK_HEADER = YES;
				CLANG_WARN_RANGE_LOOP_ANALYSIS = YES;
				CLANG_WARN_STRICT_PROTOTYPES = YES;
				CLANG_WARN_SUSPICIOUS_MOVE = YES;
				CLANG_WARN_UNGUARDED_AVAILABILITY = YES_AGGRESSIVE;
				CLANG_WARN_UNREACHABLE_CODE = YES;
				CLANG_WARN__DUPLICATE_METHOD_MATCH = YES;
				COPY_PHASE_STRIP = NO;
				DEBUG_INFORMATION_FORMAT = "dwarf-with-dsym";
				ENABLE_NS_ASSERTIONS = NO;
				ENABLE_STRICT_OBJC_MSGSEND = YES;
				ENABLE_USER_SCRIPT_SANDBOXING = YES;
				GCC_C_LANGUAGE_STANDARD = gnu17;
				GCC_NO_COMMON_BLOCKS = YES;
				GCC_WARN_64_TO_32_BIT_CONVERSION = YES;
				GCC_WARN_ABOUT_RETURN_TYPE = YES_ERROR;
				GCC_WARN_UNDECLARED_SELECTOR = YES;
				GCC_WARN_UNINITIALIZED_AUTOS = YES_AGGRESSIVE;
				GCC_WARN_UNUSED_FUNCTION = YES;
				GCC_WARN_UNUSED_VARIABLE = YES;
				LOCALIZATION_PREFERS_STRING_CATALOGS = YES;
				MTL_ENABLE_DEBUG_INFO = NO;
				MTL_FAST_MATH = YES;
				SWIFT_COMPILATION_MODE = wholemodule;
			};
			name = Release;
		};
		8A3DFC7C2C48EB230097D39D /* Debug */ = {
			isa = XCBuildConfiguration;
			buildSettings = {
				ASSETCATALOG_COMPILER_APPICON_NAME = AppIcon;
				ASSETCATALOG_COMPILER_GLOBAL_ACCENT_COLOR_NAME = AccentColor;
				CODE_SIGN_ENTITLEMENTS = "Perfect Fit/Perfect_Fit.entitlements";
				CODE_SIGN_IDENTITY = "Apple Development";
				"CODE_SIGN_IDENTITY[sdk=macosx*]" = "-";
				CODE_SIGN_STYLE = Automatic;
				CURRENT_PROJECT_VERSION = 1;
				DEVELOPMENT_ASSET_PATHS = "\"Perfect Fit/Preview Content\"";
				DEVELOPMENT_TEAM = 476NJRLAQ2;
				ENABLE_HARDENED_RUNTIME = YES;
				"ENABLE_HARDENED_RUNTIME[sdk=macosx*]" = YES;
				ENABLE_PREVIEWS = YES;
				GENERATE_INFOPLIST_FILE = YES;
				INFOPLIST_FILE = "Perfect-Fit-Info.plist";
				INFOPLIST_KEY_LSApplicationCategoryType = "";
				INFOPLIST_KEY_NSPhotoLibraryUsageDescription = "";
				"INFOPLIST_KEY_UIApplicationSceneManifest_Generation[sdk=iphoneos*]" = YES;
				"INFOPLIST_KEY_UIApplicationSceneManifest_Generation[sdk=iphonesimulator*]" = YES;
				"INFOPLIST_KEY_UIApplicationSupportsIndirectInputEvents[sdk=iphoneos*]" = YES;
				"INFOPLIST_KEY_UIApplicationSupportsIndirectInputEvents[sdk=iphonesimulator*]" = YES;
				"INFOPLIST_KEY_UILaunchScreen_Generation[sdk=iphoneos*]" = YES;
				"INFOPLIST_KEY_UILaunchScreen_Generation[sdk=iphonesimulator*]" = YES;
				"INFOPLIST_KEY_UIStatusBarStyle[sdk=iphoneos*]" = UIStatusBarStyleDefault;
				"INFOPLIST_KEY_UIStatusBarStyle[sdk=iphonesimulator*]" = UIStatusBarStyleDefault;
				INFOPLIST_KEY_UISupportedInterfaceOrientations_iPad = "UIInterfaceOrientationPortrait UIInterfaceOrientationPortraitUpsideDown UIInterfaceOrientationLandscapeLeft UIInterfaceOrientationLandscapeRight";
				INFOPLIST_KEY_UISupportedInterfaceOrientations_iPhone = NO;
				IPHONEOS_DEPLOYMENT_TARGET = 17.5;
				LD_RUNPATH_SEARCH_PATHS = "@executable_path/Frameworks";
				"LD_RUNPATH_SEARCH_PATHS[sdk=macosx*]" = "@executable_path/../Frameworks";
				MACOSX_DEPLOYMENT_TARGET = 14.5;
				MARKETING_VERSION = 1.1;
				PRODUCT_BUNDLE_IDENTIFIER = "com.theCodeMonster.Perfect-Fit";
				PRODUCT_NAME = "$(TARGET_NAME)";
				PROVISIONING_PROFILE_SPECIFIER = "";
				SDKROOT = auto;
				SUPPORTED_PLATFORMS = "iphoneos iphonesimulator macosx";
				SWIFT_EMIT_LOC_STRINGS = YES;
				SWIFT_VERSION = 5.0;
				TARGETED_DEVICE_FAMILY = "1,2";
			};
			name = Debug;
		};
		8A3DFC7D2C48EB230097D39D /* Release */ = {
			isa = XCBuildConfiguration;
			buildSettings = {
				ASSETCATALOG_COMPILER_APPICON_NAME = AppIcon;
				ASSETCATALOG_COMPILER_GLOBAL_ACCENT_COLOR_NAME = AccentColor;
				CODE_SIGN_ENTITLEMENTS = "Perfect Fit/Perfect_Fit.entitlements";
				CODE_SIGN_IDENTITY = "Apple Development";
				"CODE_SIGN_IDENTITY[sdk=macosx*]" = "-";
				CODE_SIGN_STYLE = Automatic;
				CURRENT_PROJECT_VERSION = 1;
				DEVELOPMENT_ASSET_PATHS = "\"Perfect Fit/Preview Content\"";
				DEVELOPMENT_TEAM = 476NJRLAQ2;
				ENABLE_HARDENED_RUNTIME = YES;
				"ENABLE_HARDENED_RUNTIME[sdk=macosx*]" = YES;
				ENABLE_PREVIEWS = YES;
				GENERATE_INFOPLIST_FILE = YES;
				INFOPLIST_FILE = "Perfect-Fit-Info.plist";
				INFOPLIST_KEY_LSApplicationCategoryType = "";
				INFOPLIST_KEY_NSPhotoLibraryUsageDescription = "";
				"INFOPLIST_KEY_UIApplicationSceneManifest_Generation[sdk=iphoneos*]" = YES;
				"INFOPLIST_KEY_UIApplicationSceneManifest_Generation[sdk=iphonesimulator*]" = YES;
				"INFOPLIST_KEY_UIApplicationSupportsIndirectInputEvents[sdk=iphoneos*]" = YES;
				"INFOPLIST_KEY_UIApplicationSupportsIndirectInputEvents[sdk=iphonesimulator*]" = YES;
				"INFOPLIST_KEY_UILaunchScreen_Generation[sdk=iphoneos*]" = YES;
				"INFOPLIST_KEY_UILaunchScreen_Generation[sdk=iphonesimulator*]" = YES;
				"INFOPLIST_KEY_UIStatusBarStyle[sdk=iphoneos*]" = UIStatusBarStyleDefault;
				"INFOPLIST_KEY_UIStatusBarStyle[sdk=iphonesimulator*]" = UIStatusBarStyleDefault;
				INFOPLIST_KEY_UISupportedInterfaceOrientations_iPad = "UIInterfaceOrientationPortrait UIInterfaceOrientationPortraitUpsideDown UIInterfaceOrientationLandscapeLeft UIInterfaceOrientationLandscapeRight";
				INFOPLIST_KEY_UISupportedInterfaceOrientations_iPhone = NO;
				IPHONEOS_DEPLOYMENT_TARGET = 17.5;
				LD_RUNPATH_SEARCH_PATHS = "@executable_path/Frameworks";
				"LD_RUNPATH_SEARCH_PATHS[sdk=macosx*]" = "@executable_path/../Frameworks";
				MACOSX_DEPLOYMENT_TARGET = 14.5;
				MARKETING_VERSION = 1.1;
				PRODUCT_BUNDLE_IDENTIFIER = "com.theCodeMonster.Perfect-Fit";
				PRODUCT_NAME = "$(TARGET_NAME)";
				PROVISIONING_PROFILE_SPECIFIER = "";
				SDKROOT = auto;
				SUPPORTED_PLATFORMS = "iphoneos iphonesimulator macosx";
				SWIFT_EMIT_LOC_STRINGS = YES;
				SWIFT_VERSION = 5.0;
				TARGETED_DEVICE_FAMILY = "1,2";
			};
			name = Release;
		};
/* End XCBuildConfiguration section */

/* Begin XCConfigurationList section */
		8A3DFC672C48EB210097D39D /* Build configuration list for PBXProject "Perfect Fit" */ = {
			isa = XCConfigurationList;
			buildConfigurations = (
				8A3DFC792C48EB230097D39D /* Debug */,
				8A3DFC7A2C48EB230097D39D /* Release */,
			);
			defaultConfigurationIsVisible = 0;
			defaultConfigurationName = Release;
		};
		8A3DFC7B2C48EB230097D39D /* Build configuration list for PBXNativeTarget "Perfect Fit" */ = {
			isa = XCConfigurationList;
			buildConfigurations = (
				8A3DFC7C2C48EB230097D39D /* Debug */,
				8A3DFC7D2C48EB230097D39D /* Release */,
			);
			defaultConfigurationIsVisible = 0;
			defaultConfigurationName = Release;
		};
/* End XCConfigurationList section */
	};
	rootObject = 8A3DFC642C48EB210097D39D /* Project object */;
}
